PODS:
  - Alamofire (4.5.0)

DEPENDENCIES:
  - Alamofire (from `https://github.com/Alamofire/Alamofire.git`)

EXTERNAL SOURCES:
  Alamofire:
    :git: https://github.com/Alamofire/Alamofire.git

CHECKOUT OPTIONS:
  Alamofire:
    :commit: 5bd458ca09a57fb2999772745d6438585f5140a7
    :git: https://github.com/Alamofire/Alamofire.git

SPEC CHECKSUMS:
  Alamofire: 2983f0804e7566e66b937f5e7ef4aeba7b910426

PODFILE CHECKSUM: d229eded0902ab1f9a8eb95765e09d7a65c671e8

COCOAPODS: 1.2.1
